# This file is automatically @generated by Cargo.
# It is not intended for manual editing.
version = 4

[[package]]
name = "bit_field"
version = "0.10.2"
source = "registry+https://github.com/rust-lang/crates.io-index"
checksum = "dc827186963e592360843fb5ba4b973e145841266c1357f7180c43526f2e5b61"

[[package]]
name = "bitflags"
version = "2.9.0"
source = "registry+https://github.com/rust-lang/crates.io-index"
checksum = "5c8214115b7bf84099f1309324e63141d4c5d7cc26862f97a0a857dbefe165bd"

[[package]]
name = "blog_os"
version = "0.1.0"
dependencies = [
 "bootloader",
 "lazy_static",
 "spin 0.5.2",
 "volatile 0.2.7",
 "x86_64",
]

[[package]]
name = "bootloader"
version = "0.9.30"
source = "registry+https://github.com/rust-lang/crates.io-index"
checksum = "8a9c8b93781debeb5bc44a12adc4be812aa9feb659d60eeafcd7e9bedb549561"

[[package]]
name = "lazy_static"
version = "1.5.0"
source = "registry+https://github.com/rust-lang/crates.io-index"
checksum = "bbd2bcb4c963f2ddae06a2efc7e9f3591312473c50c6685e1f298068316e66fe"
dependencies = [
 "spin 0.9.8",
]

[[package]]
name = "rustversion"
version = "1.0.20"
source = "registry+https://github.com/rust-lang/crates.io-index"
checksum = "eded382c5f5f786b989652c49544c4877d9f015cc22e145a5ea8ea66c2921cd2"

[[package]]
name = "spin"
version = "0.5.2"
source = "registry+https://github.com/rust-lang/crates.io-index"
checksum = "6e63cff320ae2c57904679ba7cb63280a3dc4613885beafb148ee7bf9aa9042d"

[[package]]
name = "spin"
version = "0.9.8"
source = "registry+https://github.com/rust-lang/crates.io-index"
checksum = "6980e8d7511241f8acf4aebddbb1ff938df5eebe98691418c4468d0b72a96a67"

[[package]]
name = "volatile"
version = "0.2.7"
source = "registry+https://github.com/rust-lang/crates.io-index"
checksum = "f6b06ad3ed06fef1713569d547cdbdb439eafed76341820fb0e0344f29a41945"

[[package]]
name = "volatile"
version = "0.4.6"
source = "registry+https://github.com/rust-lang/crates.io-index"
checksum = "442887c63f2c839b346c192d047a7c87e73d0689c9157b00b53dcc27dd5ea793"

[[package]]
name = "x86_64"
version = "0.14.13"
source = "registry+https://github.com/rust-lang/crates.io-index"
checksum = "c101112411baafbb4bf8d33e4c4a80ab5b02d74d2612331c61e8192fc9710491"
dependencies = [
 "bit_field",
 "bitflags",
 "rustversion",
 "volatile 0.4.6",
]
